// !$*UTF8*$!
{
	archiveVersion = 1;
	classes = {
	};
	objectVersion = 55;
	objects = {

/* Begin PBXBuildFile section */
		715530B927EF012D00BA9E60 /* AppDelegate.m in Sources */ = {isa = PBXBuildFile; fileRef = 715530B827EF012D00BA9E60 /* AppDelegate.m */; };
		715530BC27EF012D00BA9E60 /* ViewController.m in Sources */ = {isa = PBXBuildFile; fileRef = 715530BB27EF012D00BA9E60 /* ViewController.m */; };
		715530BE27EF012F00BA9E60 /* Assets.xcassets in Resources */ = {isa = PBXBuildFile; fileRef = 715530BD27EF012F00BA9E60 /* Assets.xcassets */; };
		715530C127EF012F00BA9E60 /* Main.storyboard in Resources */ = {isa = PBXBuildFile; fileRef = 715530BF27EF012F00BA9E60 /* Main.storyboard */; };
		715530C327EF012F00BA9E60 /* main.m in Sources */ = {isa = PBXBuildFile; fileRef = 715530C227EF012F00BA9E60 /* main.m */; };
		715530CE27EF013000BA9E60 /* SnifferHTests.m in Sources */ = {isa = PBXBuildFile; fileRef = 715530CD27EF013000BA9E60 /* SnifferHTests.m */; };
		715530D827EF013000BA9E60 /* SnifferHUITests.m in Sources */ = {isa = PBXBuildFile; fileRef = 715530D727EF013000BA9E60 /* SnifferHUITests.m */; };
		715530DA27EF013000BA9E60 /* SnifferHUITestsLaunchTests.m in Sources */ = {isa = PBXBuildFile; fileRef = 715530D927EF013000BA9E60 /* SnifferHUITestsLaunchTests.m */; };
		71B82CAD27FECE6B008FCD5F /* NetDeviceTableViewCell.m in Sources */ = {isa = PBXBuildFile; fileRef = 71B82CAC27FECE6B008FCD5F /* NetDeviceTableViewCell.m */; };
		71C4A854280454B200DA7681 /* sniffer.m in Sources */ = {isa = PBXBuildFile; fileRef = 71C4A853280454B200DA7681 /* sniffer.m */; };
		71C594A928018069000365BA /* StartViewController.m in Sources */ = {isa = PBXBuildFile; fileRef = 71C594A828018069000365BA /* StartViewController.m */; };
/* End PBXBuildFile section */

/* Begin PBXContainerItemProxy section */
		715530CA27EF013000BA9E60 /* PBXContainerItemProxy */ = {
			isa = PBXContainerItemProxy;
			containerPortal = 715530AC27EF012D00BA9E60 /* Project object */;
			proxyType = 1;
			remoteGlobalIDString = 715530B327EF012D00BA9E60;
			remoteInfo = SnifferH;
		};
		715530D427EF013000BA9E60 /* PBXContainerItemProxy */ = {
			isa = PBXContainerItemProxy;
			containerPortal = 715530AC27EF012D00BA9E60 /* Project object */;
			proxyType = 1;
			remoteGlobalIDString = 715530B327EF012D00BA9E60;
			remoteInfo = SnifferH;
		};
/* End PBXContainerItemProxy section */

/* Begin PBXFileReference section */
		715530B427EF012D00BA9E60 /* SnifferH.app */ = {isa = PBXFileReference; explicitFileType = wrapper.application; includeInIndex = 0; path = SnifferH.app; sourceTree = BUILT_PRODUCTS_DIR; };
		715530B727EF012D00BA9E60 /* AppDelegate.h */ = {isa = PBXFileReference; lastKnownFileType = sourcecode.c.h; path = AppDelegate.h; sourceTree = "<group>"; };
		715530B827EF012D00BA9E60 /* AppDelegate.m */ = {isa = PBXFileReference; lastKnownFileType = sourcecode.c.objc; path = AppDelegate.m; sourceTree = "<group>"; };
		715530BA27EF012D00BA9E60 /* ViewController.h */ = {isa = PBXFileReference; lastKnownFileType = sourcecode.c.h; path = ViewController.h; sourceTree = "<group>"; };
		715530BB27EF012D00BA9E60 /* ViewController.m */ = {isa = PBXFileReference; lastKnownFileType = sourcecode.c.objc; path = ViewController.m; sourceTree = "<group>"; };
		715530BD27EF012F00BA9E60 /* Assets.xcassets */ = {isa = PBXFileReference; lastKnownFileType = folder.assetcatalog; path = Assets.xcassets; sourceTree = "<group>"; };
		715530C027EF012F00BA9E60 /* Base */ = {isa = PBXFileReference; lastKnownFileType = file.storyboard; name = Base; path = Base.lproj/Main.storyboard; sourceTree = "<group>"; };
		715530C227EF012F00BA9E60 /* main.m */ = {isa = PBXFileReference; lastKnownFileType = sourcecode.c.objc; path = main.m; sourceTree = "<group>"; };
		715530C427EF012F00BA9E60 /* SnifferH.entitlements */ = {isa = PBXFileReference; lastKnownFileType = text.plist.entitlements; path = SnifferH.entitlements; sourceTree = "<group>"; };
		715530C927EF013000BA9E60 /* SnifferHTests.xctest */ = {isa = PBXFileReference; explicitFileType = wrapper.cfbundle; includeInIndex = 0; path = SnifferHTests.xctest; sourceTree = BUILT_PRODUCTS_DIR; };
		715530CD27EF013000BA9E60 /* SnifferHTests.m */ = {isa = PBXFileReference; lastKnownFileType = sourcecode.c.objc; path = SnifferHTests.m; sourceTree = "<group>"; };
		715530D327EF013000BA9E60 /* SnifferHUITests.xctest */ = {isa = PBXFileReference; explicitFileType = wrapper.cfbundle; includeInIndex = 0; path = SnifferHUITests.xctest; sourceTree = BUILT_PRODUCTS_DIR; };
		715530D727EF013000BA9E60 /* SnifferHUITests.m */ = {isa = PBXFileReference; lastKnownFileType = sourcecode.c.objc; path = SnifferHUITests.m; sourceTree = "<group>"; };
		715530D927EF013000BA9E60 /* SnifferHUITestsLaunchTests.m */ = {isa = PBXFileReference; lastKnownFileType = sourcecode.c.objc; path = SnifferHUITestsLaunchTests.m; sourceTree = "<group>"; };
		71B82CAB27FECE6B008FCD5F /* NetDeviceTableViewCell.h */ = {isa = PBXFileReference; lastKnownFileType = sourcecode.c.h; path = NetDeviceTableViewCell.h; sourceTree = "<group>"; };
		71B82CAC27FECE6B008FCD5F /* NetDeviceTableViewCell.m */ = {isa = PBXFileReference; lastKnownFileType = sourcecode.c.objc; path = NetDeviceTableViewCell.m; sourceTree = "<group>"; };
		71C4A853280454B200DA7681 /* sniffer.m */ = {isa = PBXFileReference; lastKnownFileType = sourcecode.c.objc; path = sniffer.m; sourceTree = "<group>"; };
		71C4A855280454FE00DA7681 /* sniffer.h */ = {isa = PBXFileReference; lastKnownFileType = sourcecode.c.h; path = sniffer.h; sourceTree = "<group>"; };
		71C594A728018069000365BA /* StartViewController.h */ = {isa = PBXFileReference; lastKnownFileType = sourcecode.c.h; path = StartViewController.h; sourceTree = "<group>"; };
		71C594A828018069000365BA /* StartViewController.m */ = {isa = PBXFileReference; lastKnownFileType = sourcecode.c.objc; path = StartViewController.m; sourceTree = "<group>"; };
/* End PBXFileReference section */

/* Begin PBXFrameworksBuildPhase section */
		715530B127EF012D00BA9E60 /* Frameworks */ = {
			isa = PBXFrameworksBuildPhase;
			buildActionMask = 2147483647;
			files = (
			);
			runOnlyForDeploymentPostprocessing = 0;
		};
		715530C627EF013000BA9E60 /* Frameworks */ = {
			isa = PBXFrameworksBuildPhase;
			buildActionMask = 2147483647;
			files = (
			);
			runOnlyForDeploymentPostprocessing = 0;
		};
		715530D027EF013000BA9E60 /* Frameworks */ = {
			isa = PBXFrameworksBuildPhase;
			buildActionMask = 2147483647;
			files = (
			);
			runOnlyForDeploymentPostprocessing = 0;
		};
/* End PBXFrameworksBuildPhase section */

/* Begin PBXGroup section */
		715530AB27EF012D00BA9E60 = {
			isa = PBXGroup;
			children = (
				715530B627EF012D00BA9E60 /* SnifferH */,
				715530CC27EF013000BA9E60 /* SnifferHTests */,
				715530D627EF013000BA9E60 /* SnifferHUITests */,
				715530B527EF012D00BA9E60 /* Products */,
			);
			sourceTree = "<group>";
		};
		715530B527EF012D00BA9E60 /* Products */ = {
			isa = PBXGroup;
			children = (
				715530B427EF012D00BA9E60 /* SnifferH.app */,
				715530C927EF013000BA9E60 /* SnifferHTests.xctest */,
				715530D327EF013000BA9E60 /* SnifferHUITests.xctest */,
			);
			name = Products;
			sourceTree = "<group>";
		};
		715530B627EF012D00BA9E60 /* SnifferH */ = {
			isa = PBXGroup;
			children = (
				715530B727EF012D00BA9E60 /* AppDelegate.h */,
				715530B827EF012D00BA9E60 /* AppDelegate.m */,
				715530BA27EF012D00BA9E60 /* ViewController.h */,
				715530BB27EF012D00BA9E60 /* ViewController.m */,
				715530BD27EF012F00BA9E60 /* Assets.xcassets */,
				715530BF27EF012F00BA9E60 /* Main.storyboard */,
				715530C227EF012F00BA9E60 /* main.m */,
				715530C427EF012F00BA9E60 /* SnifferH.entitlements */,
				71B82CAB27FECE6B008FCD5F /* NetDeviceTableViewCell.h */,
				71B82CAC27FECE6B008FCD5F /* NetDeviceTableViewCell.m */,
				71C594A728018069000365BA /* StartViewController.h */,
				71C594A828018069000365BA /* StartViewController.m */,
				71C4A853280454B200DA7681 /* sniffer.m */,
				71C4A855280454FE00DA7681 /* sniffer.h */,
			);
			path = SnifferH;
			sourceTree = "<group>";
		};
		715530CC27EF013000BA9E60 /* SnifferHTests */ = {
			isa = PBXGroup;
			children = (
				715530CD27EF013000BA9E60 /* SnifferHTests.m */,
			);
			path = SnifferHTests;
			sourceTree = "<group>";
		};
		715530D627EF013000BA9E60 /* SnifferHUITests */ = {
			isa = PBXGroup;
			children = (
				715530D727EF013000BA9E60 /* SnifferHUITests.m */,
				715530D927EF013000BA9E60 /* SnifferHUITestsLaunchTests.m */,
			);
			path = SnifferHUITests;
			sourceTree = "<group>";
		};
/* End PBXGroup section */

/* Begin PBXNativeTarget section */
		715530B327EF012D00BA9E60 /* SnifferH */ = {
			isa = PBXNativeTarget;
			buildConfigurationList = 715530DD27EF013000BA9E60 /* Build configuration list for PBXNativeTarget "SnifferH" */;
			buildPhases = (
				715530B027EF012D00BA9E60 /* Sources */,
				715530B127EF012D00BA9E60 /* Frameworks */,
				715530B227EF012D00BA9E60 /* Resources */,
			);
			buildRules = (
			);
			dependencies = (
			);
			name = SnifferH;
			productName = SnifferH;
			productReference = 715530B427EF012D00BA9E60 /* SnifferH.app */;
			productType = "com.apple.product-type.application";
		};
		715530C827EF013000BA9E60 /* SnifferHTests */ = {
			isa = PBXNativeTarget;
			buildConfigurationList = 715530E027EF013000BA9E60 /* Build configuration list for PBXNativeTarget "SnifferHTests" */;
			buildPhases = (
				715530C527EF013000BA9E60 /* Sources */,
				715530C627EF013000BA9E60 /* Frameworks */,
				715530C727EF013000BA9E60 /* Resources */,
			);
			buildRules = (
			);
			dependencies = (
				715530CB27EF013000BA9E60 /* PBXTargetDependency */,
			);
			name = SnifferHTests;
			productName = SnifferHTests;
			productReference = 715530C927EF013000BA9E60 /* SnifferHTests.xctest */;
			productType = "com.apple.product-type.bundle.unit-test";
		};
		715530D227EF013000BA9E60 /* SnifferHUITests */ = {
			isa = PBXNativeTarget;
			buildConfigurationList = 715530E327EF013000BA9E60 /* Build configuration list for PBXNativeTarget "SnifferHUITests" */;
			buildPhases = (
				715530CF27EF013000BA9E60 /* Sources */,
				715530D027EF013000BA9E60 /* Frameworks */,
				715530D127EF013000BA9E60 /* Resources */,
			);
			buildRules = (
			);
			dependencies = (
				715530D527EF013000BA9E60 /* PBXTargetDependency */,
			);
			name = SnifferHUITests;
			productName = SnifferHUITests;
			productReference = 715530D327EF013000BA9E60 /* SnifferHUITests.xctest */;
			productType = "com.apple.product-type.bundle.ui-testing";
		};
/* End PBXNativeTarget section */

/* Begin PBXProject section */
		715530AC27EF012D00BA9E60 /* Project object */ = {
			isa = PBXProject;
			attributes = {
				BuildIndependentTargetsInParallel = 1;
				LastUpgradeCheck = 1330;
				TargetAttributes = {
					715530B327EF012D00BA9E60 = {
						CreatedOnToolsVersion = 13.3;
					};
					715530C827EF013000BA9E60 = {
						CreatedOnToolsVersion = 13.3;
						TestTargetID = 715530B327EF012D00BA9E60;
					};
					715530D227EF013000BA9E60 = {
						CreatedOnToolsVersion = 13.3;
						TestTargetID = 715530B327EF012D00BA9E60;
					};
				};
			};
			buildConfigurationList = 715530AF27EF012D00BA9E60 /* Build configuration list for PBXProject "SnifferH" */;
			compatibilityVersion = "Xcode 13.0";
			developmentRegion = en;
			hasScannedForEncodings = 0;
			knownRegions = (
				en,
				Base,
			);
			mainGroup = 715530AB27EF012D00BA9E60;
			productRefGroup = 715530B527EF012D00BA9E60 /* Products */;
			projectDirPath = "";
			projectRoot = "";
			targets = (
				715530B327EF012D00BA9E60 /* SnifferH */,
				715530C827EF013000BA9E60 /* SnifferHTests */,
				715530D227EF013000BA9E60 /* SnifferHUITests */,
			);
		};
/* End PBXProject section */

/* Begin PBXResourcesBuildPhase section */
		715530B227EF012D00BA9E60 /* Resources */ = {
			isa = PBXResourcesBuildPhase;
			buildActionMask = 2147483647;
			files = (
				715530BE27EF012F00BA9E60 /* Assets.xcassets in Resources */,
				715530C127EF012F00BA9E60 /* Main.storyboard in Resources */,
			);
			runOnlyForDeploymentPostprocessing = 0;
		};
		715530C727EF013000BA9E60 /* Resources */ = {
			isa = PBXResourcesBuildPhase;
			buildActionMask = 2147483647;
			files = (
			);
			runOnlyForDeploymentPostprocessing = 0;
		};
		715530D127EF013000BA9E60 /* Resources */ = {
			isa = PBXResourcesBuildPhase;
			buildActionMask = 2147483647;
			files = (
			);
			runOnlyForDeploymentPostprocessing = 0;
		};
/* End PBXResourcesBuildPhase section */

/* Begin PBXSourcesBuildPhase section */
		715530B027EF012D00BA9E60 /* Sources */ = {
			isa = PBXSourcesBuildPhase;
			buildActionMask = 2147483647;
			files = (
				715530BC27EF012D00BA9E60 /* ViewController.m in Sources */,
				71C4A854280454B200DA7681 /* sniffer.m in Sources */,
				71B82CAD27FECE6B008FCD5F /* NetDeviceTableViewCell.m in Sources */,
				71C594A928018069000365BA /* StartViewController.m in Sources */,
				715530C327EF012F00BA9E60 /* main.m in Sources */,
				715530B927EF012D00BA9E60 /* AppDelegate.m in Sources */,
			);
			runOnlyForDeploymentPostprocessing = 0;
		};
		715530C527EF013000BA9E60 /* Sources */ = {
			isa = PBXSourcesBuildPhase;
			buildActionMask = 2147483647;
			files = (
				715530CE27EF013000BA9E60 /* SnifferHTests.m in Sources */,
			);
			runOnlyForDeploymentPostprocessing = 0;
		};
		715530CF27EF013000BA9E60 /* Sources */ = {
			isa = PBXSourcesBuildPhase;
			buildActionMask = 2147483647;
			files = (
				715530D827EF013000BA9E60 /* SnifferHUITests.m in Sources */,
				715530DA27EF013000BA9E60 /* SnifferHUITestsLaunchTests.m in Sources */,
			);
			runOnlyForDeploymentPostprocessing = 0;
		};
/* End PBXSourcesBuildPhase section */

/* Begin PBXTargetDependency section */
		715530CB27EF013000BA9E60 /* PBXTargetDependency */ = {
			isa = PBXTargetDependency;
			target = 715530B327EF012D00BA9E60 /* SnifferH */;
			targetProxy = 715530CA27EF013000BA9E60 /* PBXContainerItemProxy */;
		};
		715530D527EF013000BA9E60 /* PBXTargetDependency */ = {
			isa = PBXTargetDependency;
			target = 715530B327EF012D00BA9E60 /* SnifferH */;
			targetProxy = 715530D427EF013000BA9E60 /* PBXContainerItemProxy */;
		};
/* End PBXTargetDependency section */

/* Begin PBXVariantGroup section */
		715530BF27EF012F00BA9E60 /* Main.storyboard */ = {
			isa = PBXVariantGroup;
			children = (
				715530C027EF012F00BA9E60 /* Base */,
			);
			name = Main.storyboard;
			sourceTree = "<group>";
		};
/* End PBXVariantGroup section */

/* Begin XCBuildConfiguration section */
		715530DB27EF013000BA9E60 /* Debug */ = {
			isa = XCBuildConfiguration;
			buildSettings = {
				ALWAYS_SEARCH_USER_PATHS = NO;
				CLANG_ANALYZER_NONNULL = YES;
				CLANG_ANALYZER_NUMBER_OBJECT_CONVERSION = YES_AGGRESSIVE;
				CLANG_CXX_LANGUAGE_STANDARD = "gnu++17";
				CLANG_ENABLE_MODULES = YES;
				CLANG_ENABLE_OBJC_ARC = YES;
				CLANG_ENABLE_OBJC_WEAK = YES;
				CLANG_WARN_BLOCK_CAPTURE_AUTORELEASING = YES;
				CLANG_WARN_BOOL_CONVERSION = YES;
				CLANG_WARN_COMMA = YES;
				CLANG_WARN_CONSTANT_CONVERSION = YES;
				CLANG_WARN_DEPRECATED_OBJC_IMPLEMENTATIONS = YES;
				CLANG_WARN_DIRECT_OBJC_ISA_USAGE = YES_ERROR;
				CLANG_WARN_DOCUMENTATION_COMMENTS = YES;
				CLANG_WARN_EMPTY_BODY = YES;
				CLANG_WARN_ENUM_CONVERSION = YES;
				CLANG_WARN_INFINITE_RECURSION = YES;
				CLANG_WARN_INT_CONVERSION = YES;
				CLANG_WARN_NON_LITERAL_NULL_CONVERSION = YES;
				CLANG_WARN_OBJC_IMPLICIT_RETAIN_SELF = YES;
				CLANG_WARN_OBJC_LITERAL_CONVERSION = YES;
				CLANG_WARN_OBJC_ROOT_CLASS = YES_ERROR;
				CLANG_WARN_QUOTED_INCLUDE_IN_FRAMEWORK_HEADER = YES;
				CLANG_WARN_RANGE_LOOP_ANALYSIS = YES;
				CLANG_WARN_STRICT_PROTOTYPES = YES;
				CLANG_WARN_SUSPICIOUS_MOVE = YES;
				CLANG_WARN_UNGUARDED_AVAILABILITY = YES_AGGRESSIVE;
				CLANG_WARN_UNREACHABLE_CODE = YES;
				CLANG_WARN__DUPLICATE_METHOD_MATCH = YES;
				COPY_PHASE_STRIP = NO;
				DEBUG_INFORMATION_FORMAT = dwarf;
				ENABLE_STRICT_OBJC_MSGSEND = YES;
				ENABLE_TESTABILITY = YES;
				GCC_C_LANGUAGE_STANDARD = gnu11;
				GCC_DYNAMIC_NO_PIC = NO;
				GCC_NO_COMMON_BLOCKS = YES;
				GCC_OPTIMIZATION_LEVEL = 0;
				GCC_PREPROCESSOR_DEFINITIONS = (
					"DEBUG=1",
					"$(inherited)",
				);
				GCC_WARN_64_TO_32_BIT_CONVERSION = YES;
				GCC_WARN_ABOUT_RETURN_TYPE = YES_ERROR;
				GCC_WARN_UNDECLARED_SELECTOR = YES;
				GCC_WARN_UNINITIALIZED_AUTOS = YES_AGGRESSIVE;
				GCC_WARN_UNUSED_FUNCTION = YES;
				GCC_WARN_UNUSED_VARIABLE = YES;
				MACOSX_DEPLOYMENT_TARGET = 12.3;
				MTL_ENABLE_DEBUG_INFO = INCLUDE_SOURCE;
				MTL_FAST_MATH = YES;
				ONLY_ACTIVE_ARCH = YES;
				SDKROOT = macosx;
			};
			name = Debug;
		};
		715530DC27EF013000BA9E60 /* Release */ = {
			isa = XCBuildConfiguration;
			buildSettings = {
				ALWAYS_SEARCH_USER_PATHS = NO;
				CLANG_ANALYZER_NONNULL = YES;
				CLANG_ANALYZER_NUMBER_OBJECT_CONVERSION = YES_AGGRESSIVE;
				CLANG_CXX_LANGUAGE_STANDARD = "gnu++17";
				CLANG_ENABLE_MODULES = YES;
				CLANG_ENABLE_OBJC_ARC = YES;
				CLANG_ENABLE_OBJC_WEAK = YES;
				CLANG_WARN_BLOCK_CAPTURE_AUTORELEASING = YES;
				CLANG_WARN_BOOL_CONVERSION = YES;
				CLANG_WARN_COMMA = YES;
				CLANG_WARN_CONSTANT_CONVERSION = YES;
				CLANG_WARN_DEPRECATED_OBJC_IMPLEMENTATIONS = YES;
				CLANG_WARN_DIRECT_OBJC_ISA_USAGE = YES_ERROR;
				CLANG_WARN_DOCUMENTATION_COMMENTS = YES;
				CLANG_WARN_EMPTY_BODY = YES;
				CLANG_WARN_ENUM_CONVERSION = YES;
				CLANG_WARN_INFINITE_RECURSION = YES;
				CLANG_WARN_INT_CONVERSION = YES;
				CLANG_WARN_NON_LITERAL_NULL_CONVERSION = YES;
				CLANG_WARN_OBJC_IMPLICIT_RETAIN_SELF = YES;
				CLANG_WARN_OBJC_LITERAL_CONVERSION = YES;
				CLANG_WARN_OBJC_ROOT_CLASS = YES_ERROR;
				CLANG_WARN_QUOTED_INCLUDE_IN_FRAMEWORK_HEADER = YES;
				CLANG_WARN_RANGE_LOOP_ANALYSIS = YES;
				CLANG_WARN_STRICT_PROTOTYPES = YES;
				CLANG_WARN_SUSPICIOUS_MOVE = YES;
				CLANG_WARN_UNGUARDED_AVAILABILITY = YES_AGGRESSIVE;
				CLANG_WARN_UNREACHABLE_CODE = YES;
				CLANG_WARN__DUPLICATE_METHOD_MATCH = YES;
				COPY_PHASE_STRIP = NO;
				DEBUG_INFORMATION_FORMAT = "dwarf-with-dsym";
				ENABLE_NS_ASSERTIONS = NO;
				ENABLE_STRICT_OBJC_MSGSEND = YES;
				GCC_C_LANGUAGE_STANDARD = gnu11;
				GCC_NO_COMMON_BLOCKS = YES;
				GCC_WARN_64_TO_32_BIT_CONVERSION = YES;
				GCC_WARN_ABOUT_RETURN_TYPE = YES_ERROR;
				GCC_WARN_UNDECLARED_SELECTOR = YES;
				GCC_WARN_UNINITIALIZED_AUTOS = YES_AGGRESSIVE;
				GCC_WARN_UNUSED_FUNCTION = YES;
				GCC_WARN_UNUSED_VARIABLE = YES;
				MACOSX_DEPLOYMENT_TARGET = 12.3;
				MTL_ENABLE_DEBUG_INFO = NO;
				MTL_FAST_MATH = YES;
				SDKROOT = macosx;
			};
			name = Release;
		};
		715530DE27EF013000BA9E60 /* Debug */ = {
			isa = XCBuildConfiguration;
			buildSettings = {
				ASSETCATALOG_COMPILER_APPICON_NAME = AppIcon;
				ASSETCATALOG_COMPILER_GLOBAL_ACCENT_COLOR_NAME = AccentColor;
				CODE_SIGN_ENTITLEMENTS = SnifferH/SnifferH.entitlements;
				CODE_SIGN_STYLE = Automatic;
				COMBINE_HIDPI_IMAGES = YES;
				CURRENT_PROJECT_VERSION = 1;
				DEVELOPMENT_TEAM = 9VJA2GT884;
				ENABLE_HARDENED_RUNTIME = YES;
				GENERATE_INFOPLIST_FILE = YES;
				INFOPLIST_KEY_NSHumanReadableCopyright = "";
				INFOPLIST_KEY_NSMainStoryboardFile = Main;
				INFOPLIST_KEY_NSPrincipalClass = NSApplication;
				LD_RUNPATH_SEARCH_PATHS = (
					"$(inherited)",
					"@executable_path/../Frameworks",
				);
				MARKETING_VERSION = 1.0;
				ONLY_ACTIVE_ARCH = YES;
				OTHER_CFLAGS = "";
				"OTHER_LDFLAGS[arch=*]" = (
					"-l",
					pcap,
				);
				PRODUCT_BUNDLE_IDENTIFIER = com.example.zh.SnifferH;
				PRODUCT_NAME = "$(TARGET_NAME)";
				SWIFT_EMIT_LOC_STRINGS = YES;
			};
			name = Debug;
		};
		715530DF27EF013000BA9E60 /* Release */ = {
			isa = XCBuildConfiguration;
			buildSettings = {
				ASSETCATALOG_COMPILER_APPICON_NAME = AppIcon;
				ASSETCATALOG_COMPILER_GLOBAL_ACCENT_COLOR_NAME = AccentColor;
				CODE_SIGN_ENTITLEMENTS = SnifferH/SnifferH.entitlements;
				CODE_SIGN_STYLE = Automatic;
				COMBINE_HIDPI_IMAGES = YES;
				CURRENT_PROJECT_VERSION = 1;
				DEVELOPMENT_TEAM = 9VJA2GT884;
				ENABLE_HARDENED_RUNTIME = YES;
				GENERATE_INFOPLIST_FILE = YES;
				INFOPLIST_KEY_NSHumanReadableCopyright = "";
				INFOPLIST_KEY_NSMainStoryboardFile = Main;
				INFOPLIST_KEY_NSPrincipalClass = NSApplication;
				LD_RUNPATH_SEARCH_PATHS = (
					"$(inherited)",
					"@executable_path/../Frameworks",
				);
				MARKETING_VERSION = 1.0;
				OTHER_CFLAGS = "";
				"OTHER_LDFLAGS[arch=*]" = (
					"-l",
					pcap,
				);
				PRODUCT_BUNDLE_IDENTIFIER = com.example.zh.SnifferH;
				PRODUCT_NAME = "$(TARGET_NAME)";
				SWIFT_EMIT_LOC_STRINGS = YES;
			};
			name = Release;
		};
		715530E127EF013000BA9E60 /* Debug */ = {
			isa = XCBuildConfiguration;
			buildSettings = {
				BUNDLE_LOADER = "$(TEST_HOST)";
				CODE_SIGN_STYLE = Automatic;
				CURRENT_PROJECT_VERSION = 1;
				DEVELOPMENT_TEAM = 9VJA2GT884;
				GENERATE_INFOPLIST_FILE = YES;
				MACOSX_DEPLOYMENT_TARGET = 12.3;
				MARKETING_VERSION = 1.0;
				PRODUCT_BUNDLE_IDENTIFIER = com.example.zh.SnifferHTests;
				PRODUCT_NAME = "$(TARGET_NAME)";
				SWIFT_EMIT_LOC_STRINGS = NO;
				TEST_HOST = "$(BUILT_PRODUCTS_DIR)/SnifferH.app/Contents/MacOS/SnifferH";
			};
			name = Debug;
		};
		715530E227EF013000BA9E60 /* Release */ = {
			isa = XCBuildConfiguration;
			buildSettings = {
				BUNDLE_LOADER = "$(TEST_HOST)";
				CODE_SIGN_STYLE = Automatic;
				CURRENT_PROJECT_VERSION = 1;
				DEVELOPMENT_TEAM = 9VJA2GT884;
				GENERATE_INFOPLIST_FILE = YES;
				MACOSX_DEPLOYMENT_TARGET = 12.3;
				MARKETING_VERSION = 1.0;
				PRODUCT_BUNDLE_IDENTIFIER = com.example.zh.SnifferHTests;
				PRODUCT_NAME = "$(TARGET_NAME)";
				SWIFT_EMIT_LOC_STRINGS = NO;
				TEST_HOST = "$(BUILT_PRODUCTS_DIR)/SnifferH.app/Contents/MacOS/SnifferH";
			};
			name = Release;
		};
		715530E427EF013000BA9E60 /* Debug */ = {
			isa = XCBuildConfiguration;
			buildSettings = {
				CODE_SIGN_STYLE = Automatic;
				CURRENT_PROJECT_VERSION = 1;
				DEVELOPMENT_TEAM = 9VJA2GT884;
				GENERATE_INFOPLIST_FILE = YES;
				MARKETING_VERSION = 1.0;
				PRODUCT_BUNDLE_IDENTIFIER = com.example.zh.SnifferHUITests;
				PRODUCT_NAME = "$(TARGET_NAME)";
				SWIFT_EMIT_LOC_STRINGS = NO;
				TEST_TARGET_NAME = SnifferH;
			};
			name = Debug;
		};
		715530E527EF013000BA9E60 /* Release */ = {
			isa = XCBuildConfiguration;
			buildSettings = {
				CODE_SIGN_STYLE = Automatic;
				CURRENT_PROJECT_VERSION = 1;
				DEVELOPMENT_TEAM = 9VJA2GT884;
				GENERATE_INFOPLIST_FILE = YES;
				MARKETING_VERSION = 1.0;
				PRODUCT_BUNDLE_IDENTIFIER = com.example.zh.SnifferHUITests;
				PRODUCT_NAME = "$(TARGET_NAME)";
				SWIFT_EMIT_LOC_STRINGS = NO;
				TEST_TARGET_NAME = SnifferH;
			};
			name = Release;
		};
/* End XCBuildConfiguration section */

/* Begin XCConfigurationList section */
		715530AF27EF012D00BA9E60 /* Build configuration list for PBXProject "SnifferH" */ = {
			isa = XCConfigurationList;
			buildConfigurations = (
				715530DB27EF013000BA9E60 /* Debug */,
				715530DC27EF013000BA9E60 /* Release */,
			);
			defaultConfigurationIsVisible = 0;
			defaultConfigurationName = Release;
		};
		715530DD27EF013000BA9E60 /* Build configuration list for PBXNativeTarget "SnifferH" */ = {
			isa = XCConfigurationList;
			buildConfigurations = (
				715530DE27EF013000BA9E60 /* Debug */,
				715530DF27EF013000BA9E60 /* Release */,
			);
			defaultConfigurationIsVisible = 0;
			defaultConfigurationName = Release;
		};
		715530E027EF013000BA9E60 /* Build configuration list for PBXNativeTarget "SnifferHTests" */ = {
			isa = XCConfigurationList;
			buildConfigurations = (
				715530E127EF013000BA9E60 /* Debug */,
				715530E227EF013000BA9E60 /* Release */,
			);
			defaultConfigurationIsVisible = 0;
			defaultConfigurationName = Release;
		};
		715530E327EF013000BA9E60 /* Build configuration list for PBXNativeTarget "SnifferHUITests" */ = {
			isa = XCConfigurationList;
			buildConfigurations = (
				715530E427EF013000BA9E60 /* Debug */,
				715530E527EF013000BA9E60 /* Release */,
			);
			defaultConfigurationIsVisible = 0;
			defaultConfigurationName = Release;
		};
/* End XCConfigurationList section */
	};
	rootObject = 715530AC27EF012D00BA9E60 /* Project object */;
}
